
Microsoft Visual Studio Solution File, Format Version 12.00
# Visual Studio Version 16
VisualStudioVersion = 16.0.30804.86
MinimumVisualStudioVersion = 10.0.40219.1
Project("{FAE04EC0-301F-11D3-BF4B-00C04F79EFBC}") = "Jean-Luc Picard’s journal", "Jean-Luc Picard’s journal.csproj", "{57C41C21-0F7E-4993-9CE4-168529E5F875}"
EndProject
Global
	GlobalSection(SolutionConfigurationPlatforms) = preSolution
		Debug|Any CPU = Debug|Any CPU
		Release|Any CPU = Release|Any CPU
	EndGlobalSection
	GlobalSection(ProjectConfigurationPlatforms) = postSolution
		{57C41C21-0F7E-4993-9CE4-168529E5F875}.Debug|Any CPU.ActiveCfg = Debug|Any CPU
		{57C41C21-0F7E-4993-9CE4-168529E5F875}.Debug|Any CPU.Build.0 = Debug|Any CPU
		{57C41C21-0F7E-4993-9CE4-168529E5F875}.Release|Any CPU.ActiveCfg = Release|Any CPU
		{57C41C21-0F7E-4993-9CE4-168529E5F875}.Release|Any CPU.Build.0 = Release|Any CPU
	EndGlobalSection
	GlobalSection(SolutionProperties) = preSolution
		HideSolutionNode = FALSE
	EndGlobalSection
	GlobalSection(ExtensibilityGlobals) = postSolution
		SolutionGuid = {D72B58A5-B9BA-4440-9F41-86A6A6F439D6}
	EndGlobalSection
EndGlobal
